
Microsoft Visual Studio Solution File, Format Version 12.00
# Visual Studio Version 17
Project("{8BC9CEB8-8B4A-11D0-8D11-00A0C91BC942}") = "ALL_BUILD", "ALL_BUILD.vcxproj", "{7DBC9774-1C85-3E5E-84D2-9E78F598E70B}"
	ProjectSection(ProjectDependencies) = postProject
		{A2A76C62-8123-39D9-83AF-B37D505E0B45} = {A2A76C62-8123-39D9-83AF-B37D505E0B45}
		{0885770A-1B1B-36C1-967B-550701E51BA9} = {0885770A-1B1B-36C1-967B-550701E51BA9}
		{4783C7E1-C309-3854-A79A-7DBF1509C8B2} = {4783C7E1-C309-3854-A79A-7DBF1509C8B2}
		{0EFAA3EF-772E-3DDA-80AA-5964B41FB063} = {0EFAA3EF-772E-3DDA-80AA-5964B41FB063}
		{8564CC40-6B61-388C-8DFB-69F3BA55CDC7} = {8564CC40-6B61-388C-8DFB-69F3BA55CDC7}
		{28F54DAC-B233-3D9D-A246-6BEAECED8C45} = {28F54DAC-B233-3D9D-A246-6BEAECED8C45}
		{3D661BE6-0E47-35A3-8873-28F1DB42BA4D} = {3D661BE6-0E47-35A3-8873-28F1DB42BA4D}
		{1850EFF5-F43F-3255-8143-0A4AF1B218FB} = {1850EFF5-F43F-3255-8143-0A4AF1B218FB}
	EndProjectSection
EndProject
Project("{8BC9CEB8-8B4A-11D0-8D11-00A0C91BC942}") = "ZERO_CHECK", "ZERO_CHECK.vcxproj", "{A2A76C62-8123-39D9-83AF-B37D505E0B45}"
	ProjectSection(ProjectDependencies) = postProject
	EndProjectSection
EndProject
Project("{8BC9CEB8-8B4A-11D0-8D11-00A0C91BC942}") = "cripser", "cripser.vcxproj", "{0885770A-1B1B-36C1-967B-550701E51BA9}"
	ProjectSection(ProjectDependencies) = postProject
		{A2A76C62-8123-39D9-83AF-B37D505E0B45} = {A2A76C62-8123-39D9-83AF-B37D505E0B45}
		{0EFAA3EF-772E-3DDA-80AA-5964B41FB063} = {0EFAA3EF-772E-3DDA-80AA-5964B41FB063}
		{1850EFF5-F43F-3255-8143-0A4AF1B218FB} = {1850EFF5-F43F-3255-8143-0A4AF1B218FB}
	EndProjectSection
EndProject
Project("{8BC9CEB8-8B4A-11D0-8D11-00A0C91BC942}") = "cubicalripser", "cubicalripser.vcxproj", "{4783C7E1-C309-3854-A79A-7DBF1509C8B2}"
	ProjectSection(ProjectDependencies) = postProject
		{A2A76C62-8123-39D9-83AF-B37D505E0B45} = {A2A76C62-8123-39D9-83AF-B37D505E0B45}
		{0EFAA3EF-772E-3DDA-80AA-5964B41FB063} = {0EFAA3EF-772E-3DDA-80AA-5964B41FB063}
		{1850EFF5-F43F-3255-8143-0A4AF1B218FB} = {1850EFF5-F43F-3255-8143-0A4AF1B218FB}
	EndProjectSection
EndProject
Project("{8BC9CEB8-8B4A-11D0-8D11-00A0C91BC942}") = "mylib", "mylib.vcxproj", "{0EFAA3EF-772E-3DDA-80AA-5964B41FB063}"
	ProjectSection(ProjectDependencies) = postProject
		{A2A76C62-8123-39D9-83AF-B37D505E0B45} = {A2A76C62-8123-39D9-83AF-B37D505E0B45}
	EndProjectSection
EndProject
Project("{8BC9CEB8-8B4A-11D0-8D11-00A0C91BC942}") = "tcripser", "tcripser.vcxproj", "{8564CC40-6B61-388C-8DFB-69F3BA55CDC7}"
	ProjectSection(ProjectDependencies) = postProject
		{A2A76C62-8123-39D9-83AF-B37D505E0B45} = {A2A76C62-8123-39D9-83AF-B37D505E0B45}
		{0EFAA3EF-772E-3DDA-80AA-5964B41FB063} = {0EFAA3EF-772E-3DDA-80AA-5964B41FB063}
		{3D661BE6-0E47-35A3-8873-28F1DB42BA4D} = {3D661BE6-0E47-35A3-8873-28F1DB42BA4D}
	EndProjectSection
EndProject
Project("{8BC9CEB8-8B4A-11D0-8D11-00A0C91BC942}") = "tcubicalripser", "tcubicalripser.vcxproj", "{28F54DAC-B233-3D9D-A246-6BEAECED8C45}"
	ProjectSection(ProjectDependencies) = postProject
		{A2A76C62-8123-39D9-83AF-B37D505E0B45} = {A2A76C62-8123-39D9-83AF-B37D505E0B45}
		{0EFAA3EF-772E-3DDA-80AA-5964B41FB063} = {0EFAA3EF-772E-3DDA-80AA-5964B41FB063}
		{3D661BE6-0E47-35A3-8873-28F1DB42BA4D} = {3D661BE6-0E47-35A3-8873-28F1DB42BA4D}
	EndProjectSection
EndProject
Project("{8BC9CEB8-8B4A-11D0-8D11-00A0C91BC942}") = "tmylib", "tmylib.vcxproj", "{3D661BE6-0E47-35A3-8873-28F1DB42BA4D}"
	ProjectSection(ProjectDependencies) = postProject
		{A2A76C62-8123-39D9-83AF-B37D505E0B45} = {A2A76C62-8123-39D9-83AF-B37D505E0B45}
	EndProjectSection
EndProject
Project("{8BC9CEB8-8B4A-11D0-8D11-00A0C91BC942}") = "vmylib", "vmylib.vcxproj", "{1850EFF5-F43F-3255-8143-0A4AF1B218FB}"
	ProjectSection(ProjectDependencies) = postProject
		{A2A76C62-8123-39D9-83AF-B37D505E0B45} = {A2A76C62-8123-39D9-83AF-B37D505E0B45}
	EndProjectSection
EndProject
Global
	GlobalSection(SolutionConfigurationPlatforms) = preSolution
		Debug|x64 = Debug|x64
		Release|x64 = Release|x64
		MinSizeRel|x64 = MinSizeRel|x64
		RelWithDebInfo|x64 = RelWithDebInfo|x64
	EndGlobalSection
	GlobalSection(ProjectConfigurationPlatforms) = postSolution
		{7DBC9774-1C85-3E5E-84D2-9E78F598E70B}.Debug|x64.ActiveCfg = Debug|x64
		{7DBC9774-1C85-3E5E-84D2-9E78F598E70B}.Release|x64.ActiveCfg = Release|x64
		{7DBC9774-1C85-3E5E-84D2-9E78F598E70B}.MinSizeRel|x64.ActiveCfg = MinSizeRel|x64
		{7DBC9774-1C85-3E5E-84D2-9E78F598E70B}.RelWithDebInfo|x64.ActiveCfg = RelWithDebInfo|x64
		{A2A76C62-8123-39D9-83AF-B37D505E0B45}.Debug|x64.ActiveCfg = Debug|x64
		{A2A76C62-8123-39D9-83AF-B37D505E0B45}.Debug|x64.Build.0 = Debug|x64
		{A2A76C62-8123-39D9-83AF-B37D505E0B45}.Release|x64.ActiveCfg = Release|x64
		{A2A76C62-8123-39D9-83AF-B37D505E0B45}.Release|x64.Build.0 = Release|x64
		{A2A76C62-8123-39D9-83AF-B37D505E0B45}.MinSizeRel|x64.ActiveCfg = MinSizeRel|x64
		{A2A76C62-8123-39D9-83AF-B37D505E0B45}.MinSizeRel|x64.Build.0 = MinSizeRel|x64
		{A2A76C62-8123-39D9-83AF-B37D505E0B45}.RelWithDebInfo|x64.ActiveCfg = RelWithDebInfo|x64
		{A2A76C62-8123-39D9-83AF-B37D505E0B45}.RelWithDebInfo|x64.Build.0 = RelWithDebInfo|x64
		{0885770A-1B1B-36C1-967B-550701E51BA9}.Debug|x64.ActiveCfg = Debug|x64
		{0885770A-1B1B-36C1-967B-550701E51BA9}.Debug|x64.Build.0 = Debug|x64
		{0885770A-1B1B-36C1-967B-550701E51BA9}.Release|x64.ActiveCfg = Release|x64
		{0885770A-1B1B-36C1-967B-550701E51BA9}.Release|x64.Build.0 = Release|x64
		{0885770A-1B1B-36C1-967B-550701E51BA9}.MinSizeRel|x64.ActiveCfg = MinSizeRel|x64
		{0885770A-1B1B-36C1-967B-550701E51BA9}.MinSizeRel|x64.Build.0 = MinSizeRel|x64
		{0885770A-1B1B-36C1-967B-550701E51BA9}.RelWithDebInfo|x64.ActiveCfg = RelWithDebInfo|x64
		{0885770A-1B1B-36C1-967B-550701E51BA9}.RelWithDebInfo|x64.Build.0 = RelWithDebInfo|x64
		{4783C7E1-C309-3854-A79A-7DBF1509C8B2}.Debug|x64.ActiveCfg = Debug|x64
		{4783C7E1-C309-3854-A79A-7DBF1509C8B2}.Debug|x64.Build.0 = Debug|x64
		{4783C7E1-C309-3854-A79A-7DBF1509C8B2}.Release|x64.ActiveCfg = Release|x64
		{4783C7E1-C309-3854-A79A-7DBF1509C8B2}.Release|x64.Build.0 = Release|x64
		{4783C7E1-C309-3854-A79A-7DBF1509C8B2}.MinSizeRel|x64.ActiveCfg = MinSizeRel|x64
		{4783C7E1-C309-3854-A79A-7DBF1509C8B2}.MinSizeRel|x64.Build.0 = MinSizeRel|x64
		{4783C7E1-C309-3854-A79A-7DBF1509C8B2}.RelWithDebInfo|x64.ActiveCfg = RelWithDebInfo|x64
		{4783C7E1-C309-3854-A79A-7DBF1509C8B2}.RelWithDebInfo|x64.Build.0 = RelWithDebInfo|x64
		{0EFAA3EF-772E-3DDA-80AA-5964B41FB063}.Debug|x64.ActiveCfg = Debug|x64
		{0EFAA3EF-772E-3DDA-80AA-5964B41FB063}.Debug|x64.Build.0 = Debug|x64
		{0EFAA3EF-772E-3DDA-80AA-5964B41FB063}.Release|x64.ActiveCfg = Release|x64
		{0EFAA3EF-772E-3DDA-80AA-5964B41FB063}.Release|x64.Build.0 = Release|x64
		{0EFAA3EF-772E-3DDA-80AA-5964B41FB063}.MinSizeRel|x64.ActiveCfg = MinSizeRel|x64
		{0EFAA3EF-772E-3DDA-80AA-5964B41FB063}.MinSizeRel|x64.Build.0 = MinSizeRel|x64
		{0EFAA3EF-772E-3DDA-80AA-5964B41FB063}.RelWithDebInfo|x64.ActiveCfg = RelWithDebInfo|x64
		{0EFAA3EF-772E-3DDA-80AA-5964B41FB063}.RelWithDebInfo|x64.Build.0 = RelWithDebInfo|x64
		{8564CC40-6B61-388C-8DFB-69F3BA55CDC7}.Debug|x64.ActiveCfg = Debug|x64
		{8564CC40-6B61-388C-8DFB-69F3BA55CDC7}.Debug|x64.Build.0 = Debug|x64
		{8564CC40-6B61-388C-8DFB-69F3BA55CDC7}.Release|x64.ActiveCfg = Release|x64
		{8564CC40-6B61-388C-8DFB-69F3BA55CDC7}.Release|x64.Build.0 = Release|x64
		{8564CC40-6B61-388C-8DFB-69F3BA55CDC7}.MinSizeRel|x64.ActiveCfg = MinSizeRel|x64
		{8564CC40-6B61-388C-8DFB-69F3BA55CDC7}.MinSizeRel|x64.Build.0 = MinSizeRel|x64
		{8564CC40-6B61-388C-8DFB-69F3BA55CDC7}.RelWithDebInfo|x64.ActiveCfg = RelWithDebInfo|x64
		{8564CC40-6B61-388C-8DFB-69F3BA55CDC7}.RelWithDebInfo|x64.Build.0 = RelWithDebInfo|x64
		{28F54DAC-B233-3D9D-A246-6BEAECED8C45}.Debug|x64.ActiveCfg = Debug|x64
		{28F54DAC-B233-3D9D-A246-6BEAECED8C45}.Debug|x64.Build.0 = Debug|x64
		{28F54DAC-B233-3D9D-A246-6BEAECED8C45}.Release|x64.ActiveCfg = Release|x64
		{28F54DAC-B233-3D9D-A246-6BEAECED8C45}.Release|x64.Build.0 = Release|x64
		{28F54DAC-B233-3D9D-A246-6BEAECED8C45}.MinSizeRel|x64.ActiveCfg = MinSizeRel|x64
		{28F54DAC-B233-3D9D-A246-6BEAECED8C45}.MinSizeRel|x64.Build.0 = MinSizeRel|x64
		{28F54DAC-B233-3D9D-A246-6BEAECED8C45}.RelWithDebInfo|x64.ActiveCfg = RelWithDebInfo|x64
		{28F54DAC-B233-3D9D-A246-6BEAECED8C45}.RelWithDebInfo|x64.Build.0 = RelWithDebInfo|x64
		{3D661BE6-0E47-35A3-8873-28F1DB42BA4D}.Debug|x64.ActiveCfg = Debug|x64
		{3D661BE6-0E47-35A3-8873-28F1DB42BA4D}.Debug|x64.Build.0 = Debug|x64
		{3D661BE6-0E47-35A3-8873-28F1DB42BA4D}.Release|x64.ActiveCfg = Release|x64
		{3D661BE6-0E47-35A3-8873-28F1DB42BA4D}.Release|x64.Build.0 = Release|x64
		{3D661BE6-0E47-35A3-8873-28F1DB42BA4D}.MinSizeRel|x64.ActiveCfg = MinSizeRel|x64
		{3D661BE6-0E47-35A3-8873-28F1DB42BA4D}.MinSizeRel|x64.Build.0 = MinSizeRel|x64
		{3D661BE6-0E47-35A3-8873-28F1DB42BA4D}.RelWithDebInfo|x64.ActiveCfg = RelWithDebInfo|x64
		{3D661BE6-0E47-35A3-8873-28F1DB42BA4D}.RelWithDebInfo|x64.Build.0 = RelWithDebInfo|x64
		{1850EFF5-F43F-3255-8143-0A4AF1B218FB}.Debug|x64.ActiveCfg = Debug|x64
		{1850EFF5-F43F-3255-8143-0A4AF1B218FB}.Debug|x64.Build.0 = Debug|x64
		{1850EFF5-F43F-3255-8143-0A4AF1B218FB}.Release|x64.ActiveCfg = Release|x64
		{1850EFF5-F43F-3255-8143-0A4AF1B218FB}.Release|x64.Build.0 = Release|x64
		{1850EFF5-F43F-3255-8143-0A4AF1B218FB}.MinSizeRel|x64.ActiveCfg = MinSizeRel|x64
		{1850EFF5-F43F-3255-8143-0A4AF1B218FB}.MinSizeRel|x64.Build.0 = MinSizeRel|x64
		{1850EFF5-F43F-3255-8143-0A4AF1B218FB}.RelWithDebInfo|x64.ActiveCfg = RelWithDebInfo|x64
		{1850EFF5-F43F-3255-8143-0A4AF1B218FB}.RelWithDebInfo|x64.Build.0 = RelWithDebInfo|x64
	EndGlobalSection
	GlobalSection(ExtensibilityGlobals) = postSolution
		SolutionGuid = {33112CCD-F6F3-3CD4-8BFF-929B0C4D6BB2}
	EndGlobalSection
	GlobalSection(ExtensibilityAddIns) = postSolution
	EndGlobalSection
EndGlobal
