<?xml version="1.0" encoding="utf-8"?>
<Project ToolsVersion="17.0" xmlns="http://schemas.microsoft.com/developer/msbuild/2003">
  <ItemGroup>
    <CustomBuild Include="C:\Users\shing\CubicalRipser_3dim\CMakeFiles\fd20ee1b7e24806f8f56ecfa08ac537a\generate.stamp.rule">
      <Filter>CMake Rules</Filter>
    </CustomBuild>
  </ItemGroup>
  <ItemGroup>
    <Filter Include="CMake Rules">
      <UniqueIdentifier>{315DF795-BFC2-3892-AC3F-3010224FE4A3}</UniqueIdentifier>
    </Filter>
  </ItemGroup>
</Project>
